
Microsoft Visual Studio Solution File, Format Version 12.00
# Visual Studio 14
VisualStudioVersion = 14.0.25123.0
MinimumVisualStudioVersion = 10.0.40219.1
Project("{258A37FF-B328-4355-A0F2-A1C519AF4332}") = "Sitecore.Support.12756", "Sitecore.Support.12756\Sitecore.Support.12756.csproj", "{1F34A3AE-A316-4FE3-9807-F2D6CAD57A22}"
EndProject
Global
	GlobalSection(SolutionConfigurationPlatforms) = preSolution
		Debug|Any CPU = Debug|Any CPU
		Release|Any CPU = Release|Any CPU
	EndGlobalSection
	GlobalSection(ProjectConfigurationPlatforms) = postSolution
		{1F34A3AE-A316-4FE3-9807-F2D6CAD57A22}.Debug|Any CPU.ActiveCfg = Debug|Any CPU
		{1F34A3AE-A316-4FE3-9807-F2D6CAD57A22}.Debug|Any CPU.Build.0 = Debug|Any CPU
		{1F34A3AE-A316-4FE3-9807-F2D6CAD57A22}.Release|Any CPU.ActiveCfg = Release|Any CPU
		{1F34A3AE-A316-4FE3-9807-F2D6CAD57A22}.Release|Any CPU.Build.0 = Release|Any CPU
	EndGlobalSection
	GlobalSection(SolutionProperties) = preSolution
		HideSolutionNode = FALSE
	EndGlobalSection
EndGlobal
